{
  "version": "3",
  "packages": {
    "specifiers": {
      "jsr:@std/assert@^0.215.0": "jsr:@std/assert@0.215.0",
      "jsr:@std/async@0.215.0": "jsr:@std/async@0.215.0",
      "jsr:@std/bytes@^0.215.0": "jsr:@std/bytes@0.215.0",
      "jsr:@std/dotenv": "jsr:@std/dotenv@0.215.0",
      "jsr:@std/fmt@0.215.0": "jsr:@std/fmt@0.215.0",
      "jsr:@std/fmt@^0.215.0": "jsr:@std/fmt@0.215.0",
      "jsr:@std/fs@0.215.0": "jsr:@std/fs@0.215.0",
      "jsr:@std/fs@^0.215.0": "jsr:@std/fs@0.215.0",
      "jsr:@std/io@0.215.0": "jsr:@std/io@0.215.0",
      "jsr:@std/log@0.215.0": "jsr:@std/log@0.215.0",
      "jsr:@std/path@0.215.0": "jsr:@std/path@0.215.0",
      "jsr:@std/path@^0.215.0": "jsr:@std/path@0.215.0"
    },
    "jsr": {
      "@std/async@0.215.0": {
        "dependencies": [
          "jsr:@std/assert@^0.215.0"
        ]
      },
      "@std/fs@0.215.0": {
        "dependencies": [
          "jsr:@std/assert@^0.215.0",
          "jsr:@std/path@^0.215.0"
        ]
      },
      "@std/io@0.215.0": {
        "dependencies": [
          "jsr:@std/assert@^0.215.0",
          "jsr:@std/bytes@^0.215.0"
        ]
      },
      "@std/log@0.215.0": {
        "dependencies": [
          "jsr:@std/assert@^0.215.0",
          "jsr:@std/fmt@^0.215.0",
          "jsr:@std/fs@^0.215.0"
        ]
      },
      "@std/path@0.215.0": {
        "dependencies": [
          "jsr:@std/assert@^0.215.0"
        ]
      }
    }
  },
  "remote": {
    "https://deno.land/std@0.170.0/fmt/colors.ts": "03ad95e543d2808bc43c17a3dd29d25b43d0f16287fe562a0be89bf632454a12",
    "https://deno.land/std@0.177.0/_util/asserts.ts": "178dfc49a464aee693a7e285567b3d0b555dc805ff490505a8aae34f9cfb1462",
    "https://deno.land/std@0.177.0/_util/os.ts": "d932f56d41e4f6a6093d56044e29ce637f8dcc43c5a90af43504a889cf1775e3",
    "https://deno.land/std@0.177.0/fs/_util.ts": "65381f341af1ff7f40198cee15c20f59951ac26e51ddc651c5293e24f9ce6f32",
    "https://deno.land/std@0.177.0/fs/copy.ts": "14214efd94fc3aa6db1e4af2b4b9578e50f7362b7f3725d5a14ad259a5df26c8",
    "https://deno.land/std@0.177.0/fs/empty_dir.ts": "c3d2da4c7352fab1cf144a1ecfef58090769e8af633678e0f3fabaef98594688",
    "https://deno.land/std@0.177.0/fs/ensure_dir.ts": "724209875497a6b4628dfb256116e5651c4f7816741368d6c44aab2531a1e603",
    "https://deno.land/std@0.177.0/fs/ensure_file.ts": "c38602670bfaf259d86ca824a94e6cb9e5eb73757fefa4ebf43a90dd017d53d9",
    "https://deno.land/std@0.177.0/fs/ensure_link.ts": "c0f5b2f0ec094ed52b9128eccb1ee23362a617457aa0f699b145d4883f5b2fb4",
    "https://deno.land/std@0.177.0/fs/ensure_symlink.ts": "2955cc8332aeca9bdfefd05d8d3976b94e282b0f353392a71684808ed2ffdd41",
    "https://deno.land/std@0.177.0/fs/eol.ts": "f1f2eb348a750c34500741987b21d65607f352cf7205f48f4319d417fff42842",
    "https://deno.land/std@0.177.0/fs/exists.ts": "b8c8a457b71e9d7f29b9d2f87aad8dba2739cbe637e8926d6ba6e92567875f8e",
    "https://deno.land/std@0.177.0/fs/expand_glob.ts": "45d17e89796a24bd6002e4354eda67b4301bb8ba67d2cac8453cdabccf1d9ab0",
    "https://deno.land/std@0.177.0/fs/mod.ts": "bc3d0acd488cc7b42627044caf47d72019846d459279544e1934418955ba4898",
    "https://deno.land/std@0.177.0/fs/move.ts": "4cb47f880e3f0582c55e71c9f8b1e5e8cfaacb5e84f7390781dd563b7298ec19",
    "https://deno.land/std@0.177.0/fs/walk.ts": "ea95ffa6500c1eda6b365be488c056edc7c883a1db41ef46ec3bf057b1c0fe32",
    "https://deno.land/std@0.177.0/path/_constants.ts": "e49961f6f4f48039c0dfed3c3f93e963ca3d92791c9d478ac5b43183413136e0",
    "https://deno.land/std@0.177.0/path/_interface.ts": "6471159dfbbc357e03882c2266d21ef9afdb1e4aa771b0545e90db58a0ba314b",
    "https://deno.land/std@0.177.0/path/_util.ts": "d7abb1e0dea065f427b89156e28cdeb32b045870acdf865833ba808a73b576d0",
    "https://deno.land/std@0.177.0/path/common.ts": "ee7505ab01fd22de3963b64e46cff31f40de34f9f8de1fff6a1bd2fe79380000",
    "https://deno.land/std@0.177.0/path/glob.ts": "d479e0a695621c94d3fd7fe7abd4f9499caf32a8de13f25073451c6ef420a4e1",
    "https://deno.land/std@0.177.0/path/mod.ts": "4b83694ac500d7d31b0cdafc927080a53dc0c3027eb2895790fb155082b0d232",
    "https://deno.land/std@0.177.0/path/posix.ts": "8b7c67ac338714b30c816079303d0285dd24af6b284f7ad63da5b27372a2c94d",
    "https://deno.land/std@0.177.0/path/separator.ts": "0fb679739d0d1d7bf45b68dacfb4ec7563597a902edbaf3c59b50d5bcadd93b1",
    "https://deno.land/std@0.177.0/path/win32.ts": "d186344e5583bcbf8b18af416d13d82b35a317116e6460a5a3953508c3de5bba",
    "https://deno.land/std@0.51.0/fs/eol.ts": "4a0b2a612e0639b76d9c5fab0392e7bf1a158a7dab191ff7b7564870a1173812",
    "https://deno.land/std@0.97.0/fmt/colors.ts": "db22b314a2ae9430ae7460ce005e0a7130e23ae1c999157e3bb77cf55800f7e4",
    "https://deno.land/x/cliffy@v0.25.7/_utils/distance.ts": "02af166952c7c358ac83beae397aa2fbca4ad630aecfcd38d92edb1ea429f004",
    "https://deno.land/x/cliffy@v0.25.7/command/_errors.ts": "a9bd23dc816b32ec96c9b8f3057218241778d8c40333b43341138191450965e5",
    "https://deno.land/x/cliffy@v0.25.7/command/_utils.ts": "9ab3d69fabab6c335b881b8a5229cbd5db0c68f630a1c307aff988b6396d9baf",
    "https://deno.land/x/cliffy@v0.25.7/command/command.ts": "a2b83c612acd65c69116f70dec872f6da383699b83874b70fcf38cddf790443f",
    "https://deno.land/x/cliffy@v0.25.7/command/completions/_bash_completions_generator.ts": "43b4abb543d4dc60233620d51e69d82d3b7c44e274e723681e0dce2a124f69f9",
    "https://deno.land/x/cliffy@v0.25.7/command/completions/_fish_completions_generator.ts": "d0289985f5cf0bd288c05273bfa286b24c27feb40822eb7fd9d7fee64e6580e8",
    "https://deno.land/x/cliffy@v0.25.7/command/completions/_zsh_completions_generator.ts": "14461eb274954fea4953ee75938821f721da7da607dc49bcc7db1e3f33a207bd",
    "https://deno.land/x/cliffy@v0.25.7/command/completions/bash.ts": "053aa2006ec327ccecacb00ba28e5eb836300e5c1bec1b3cfaee9ddcf8189756",
    "https://deno.land/x/cliffy@v0.25.7/command/completions/complete.ts": "58df61caa5e6220ff2768636a69337923ad9d4b8c1932aeb27165081c4d07d8b",
    "https://deno.land/x/cliffy@v0.25.7/command/completions/fish.ts": "9938beaa6458c6cf9e2eeda46a09e8cd362d4f8c6c9efe87d3cd8ca7477402a5",
    "https://deno.land/x/cliffy@v0.25.7/command/completions/mod.ts": "aeef7ec8e319bb157c39a4bab8030c9fe8fa327b4c1e94c9c1025077b45b40c0",
    "https://deno.land/x/cliffy@v0.25.7/command/completions/zsh.ts": "8b04ab244a0b582f7927d405e17b38602428eeb347a9968a657e7ea9f40e721a",
    "https://deno.land/x/cliffy@v0.25.7/command/deprecated.ts": "bbe6670f1d645b773d04b725b8b8e7814c862c9f1afba460c4d599ffe9d4983c",
    "https://deno.land/x/cliffy@v0.25.7/command/deps.ts": "275b964ce173770bae65f6b8ebe9d2fd557dc10292cdd1ed3db1735f0d77fa1d",
    "https://deno.land/x/cliffy@v0.25.7/command/help/_help_generator.ts": "f7c349cb2ddb737e70dc1f89bcb1943ca9017a53506be0d4138e0aadb9970a49",
    "https://deno.land/x/cliffy@v0.25.7/command/help/mod.ts": "09d74d3eb42d21285407cda688074c29595d9c927b69aedf9d05ff3f215820d3",
    "https://deno.land/x/cliffy@v0.25.7/command/mod.ts": "d0a32df6b14028e43bb2d41fa87d24bc00f9662a44e5a177b3db02f93e473209",
    "https://deno.land/x/cliffy@v0.25.7/command/type.ts": "24e88e3085e1574662b856ccce70d589959648817135d4469fab67b9cce1b364",
    "https://deno.land/x/cliffy@v0.25.7/command/types.ts": "ae02eec0ed7a769f7dba2dd5d3a931a61724b3021271b1b565cf189d9adfd4a0",
    "https://deno.land/x/cliffy@v0.25.7/command/types/action_list.ts": "33c98d449617c7a563a535c9ceb3741bde9f6363353fd492f90a74570c611c27",
    "https://deno.land/x/cliffy@v0.25.7/command/types/boolean.ts": "3879ec16092b4b5b1a0acb8675f8c9250c0b8a972e1e4c7adfba8335bd2263ed",
    "https://deno.land/x/cliffy@v0.25.7/command/types/child_command.ts": "f1fca390c7fbfa7a713ca15ef55c2c7656bcbb394d50e8ef54085bdf6dc22559",
    "https://deno.land/x/cliffy@v0.25.7/command/types/command.ts": "325d0382e383b725fd8d0ef34ebaeae082c5b76a1f6f2e843fee5dbb1a4fe3ac",
    "https://deno.land/x/cliffy@v0.25.7/command/types/enum.ts": "2178345972adf7129a47e5f02856ca3e6852a91442a1c78307dffb8a6a3c6c9f",
    "https://deno.land/x/cliffy@v0.25.7/command/types/file.ts": "8618f16ac9015c8589cbd946b3de1988cc4899b90ea251f3325c93c46745140e",
    "https://deno.land/x/cliffy@v0.25.7/command/types/integer.ts": "29864725fd48738579d18123d7ee78fed37515e6dc62146c7544c98a82f1778d",
    "https://deno.land/x/cliffy@v0.25.7/command/types/number.ts": "aeba96e6f470309317a16b308c82e0e4138a830ec79c9877e4622c682012bc1f",
    "https://deno.land/x/cliffy@v0.25.7/command/types/string.ts": "e4dadb08a11795474871c7967beab954593813bb53d9f69ea5f9b734e43dc0e0",
    "https://deno.land/x/cliffy@v0.25.7/command/upgrade/mod.ts": "17e2df3b620905583256684415e6c4a31e8de5c59066eb6d6c9c133919292dc4",
    "https://deno.land/x/cliffy@v0.25.7/command/upgrade/provider.ts": "d6fb846043232cbd23c57d257100c7fc92274984d75a5fead0f3e4266dc76ab8",
    "https://deno.land/x/cliffy@v0.25.7/command/upgrade/provider/deno_land.ts": "24f8d82e38c51e09be989f30f8ad21f9dd41ac1bb1973b443a13883e8ba06d6d",
    "https://deno.land/x/cliffy@v0.25.7/command/upgrade/provider/github.ts": "99e1b133dd446c6aa79f69e69c46eb8bc1c968dd331c2a7d4064514a317c7b59",
    "https://deno.land/x/cliffy@v0.25.7/command/upgrade/provider/nest_land.ts": "0e07936cea04fa41ac9297f32d87f39152ea873970c54cb5b4934b12fee1885e",
    "https://deno.land/x/cliffy@v0.25.7/command/upgrade/upgrade_command.ts": "3640a287d914190241ea1e636774b1b4b0e1828fa75119971dd5304784061e05",
    "https://deno.land/x/cliffy@v0.25.7/flags/_errors.ts": "f1fbb6bfa009e7950508c9d491cfb4a5551027d9f453389606adb3f2327d048f",
    "https://deno.land/x/cliffy@v0.25.7/flags/_utils.ts": "340d3ecab43cde9489187e1f176504d2c58485df6652d1cdd907c0e9c3ce4cc2",
    "https://deno.land/x/cliffy@v0.25.7/flags/_validate_flags.ts": "16eb5837986c6f6f7620817820161a78d66ce92d690e3697068726bbef067452",
    "https://deno.land/x/cliffy@v0.25.7/flags/deprecated.ts": "a72a35de3cc7314e5ebea605ca23d08385b218ef171c32a3f135fb4318b08126",
    "https://deno.land/x/cliffy@v0.25.7/flags/flags.ts": "68a9dfcacc4983a84c07ba19b66e5e9fccd04389fad215210c60fb414cc62576",
    "https://deno.land/x/cliffy@v0.25.7/flags/types.ts": "7452ea5296758fb7af89930349ce40d8eb9a43b24b3f5759283e1cb5113075fd",
    "https://deno.land/x/cliffy@v0.25.7/flags/types/boolean.ts": "4c026dd66ec9c5436860dc6d0241427bdb8d8e07337ad71b33c08193428a2236",
    "https://deno.land/x/cliffy@v0.25.7/flags/types/integer.ts": "b60d4d590f309ddddf066782d43e4dc3799f0e7d08e5ede7dc62a5ee94b9a6d9",
    "https://deno.land/x/cliffy@v0.25.7/flags/types/number.ts": "610936e2d29de7c8c304b65489a75ebae17b005c6122c24e791fbed12444d51e",
    "https://deno.land/x/cliffy@v0.25.7/flags/types/string.ts": "e89b6a5ce322f65a894edecdc48b44956ec246a1d881f03e97bbda90dd8638c5",
    "https://deno.land/x/cliffy@v0.25.7/table/border.ts": "2514abae4e4f51eda60a5f8c927ba24efd464a590027e900926b38f68e01253c",
    "https://deno.land/x/cliffy@v0.25.7/table/cell.ts": "1d787d8006ac8302020d18ec39f8d7f1113612c20801b973e3839de9c3f8b7b3",
    "https://deno.land/x/cliffy@v0.25.7/table/deps.ts": "5b05fa56c1a5e2af34f2103fd199e5f87f0507549963019563eae519271819d2",
    "https://deno.land/x/cliffy@v0.25.7/table/layout.ts": "46bf10ae5430cf4fbb92f23d588230e9c6336edbdb154e5c9581290562b169f4",
    "https://deno.land/x/cliffy@v0.25.7/table/row.ts": "5f519ba7488d2ef76cbbf50527f10f7957bfd668ce5b9169abbc44ec88302645",
    "https://deno.land/x/cliffy@v0.25.7/table/table.ts": "ec204c9d08bb3ff1939c5ac7412a4c9ed7d00925d4fc92aff9bfe07bd269258d",
    "https://deno.land/x/cliffy@v0.25.7/table/utils.ts": "187bb7dcbcfb16199a5d906113f584740901dfca1007400cba0df7dcd341bc29",
    "https://deno.land/x/commit@0.1.5/mod.ts": "e5e963be903fb43f0d148caa9cbbac9ba4ee78359fa350d999c25d4fd9a629f9",
    "https://deno.land/x/commit@0.1.5/parser.ts": "6fe6fd60b0080a60a4c9c6f43ab871fbbcc98063359ef523c70bc0dbc472a261",
    "https://deno.land/x/commit@0.1.5/regex.ts": "d1614c739773993ab113ee2847195e45097437377c3047fc750738a31b68711a",
    "https://deno.land/x/ini@v2.1.0/ini.ts": "e63611ed544b8fbd96391b3a6c39d4d7e1867f9f785b75ded2a095c81f4f1da7",
    "https://deno.land/x/ini@v2.1.0/mod.ts": "00d31f79fbc3266b2fbe76a1067ba8641c4d57ac2b62aea2e5330e388cd82342",
    "https://deno.land/x/semver@v1.4.1/mod.ts": "0b79c87562eb8a1f008ab0d98f8bb60076dd65bc06f1f8fdfac2d2dab162c27b",
    "https://deno.land/x/tty@0.1.4/ansi_regex.ts": "1d3b0c7289164f93c9ebafe3bbd05a723568a250cc5c29c0cc922ff55af9a238",
    "https://deno.land/x/tty@0.1.4/combining.ts": "a615e9479d8bc901e3a727e5cae83c0aa1d4ca1e75fa040861d9905d16b30ffc",
    "https://deno.land/x/tty@0.1.4/is_interactive.ts": "37080d92399827215e60a57d97013aefbdbc038e7a5d2346abd298a7010525e6",
    "https://deno.land/x/tty@0.1.4/mod.ts": "65f44c03d7c3daee2b87c6a2a20b0653dec9e3b4ece8183bb0a82233a0e05ff0",
    "https://deno.land/x/tty@0.1.4/strip_ansi.ts": "6671d8d44da192a713aac06fb9a0959a3c0b11a161438fdf540856e2208857d9",
    "https://deno.land/x/tty@0.1.4/tty_async.ts": "cbcdc8132754084153680dd3fbc73acb58e0b9232aff09897a46edcf6f637967",
    "https://deno.land/x/tty@0.1.4/tty_sync.ts": "ad5d986dbd561e5768c49bf48a54580521bdfe95aa41869e8c84d99dbae0ff08",
    "https://deno.land/x/tty@0.1.4/util.ts": "fd50eb009b46f01461f3d38decaf4366c4970bbd818edc39b58a574efe67dbb7",
    "https://deno.land/x/tty@0.1.4/wcwidth.ts": "ab712adbbe4a07c27cc0ab89b99c3a77d28fe911c0fd1c8cebd867efc1fb4416",
    "https://deno.land/x/wait@0.1.12/deps.ts": "5e26f3a59058cd8870ff0168340a1808c13fef289940ecc8c96e46a89a17514d",
    "https://deno.land/x/wait@0.1.12/log_symbols.ts": "cdf2d0aa44754d10fddd55999e933886a4d753f2acfc1219f629427ccc776ac7",
    "https://deno.land/x/wait@0.1.12/mod.ts": "83211441439cd0f794f4e95fbb6c766929dd6886169100d3bdf2ea1ea5e3adfe",
    "https://deno.land/x/wait@0.1.12/spinners.ts": "289346d54f8d6152a5dcd67b67e47784cf9b7a8a8f6f0b6dc041ebc2ef6bb76c",
    "https://jsr.io/@std/assert/0.215.0/assert.ts": "501b416473ec27c71885aaf819e363c8df617f89ce68ae57fec7acf9d62743b2",
    "https://jsr.io/@std/assert/0.215.0/assertion_error.ts": "dd027fb33707dbff22cd2ef9b55fdb70e2095876caf3c68ecfbb811505ecc022",
    "https://jsr.io/@std/async/0.215.0/_util.ts": "64f8d0da48f908c651736317a36e97890ea9ea22a5e281c8acf9ee6cafbb6de9",
    "https://jsr.io/@std/async/0.215.0/abortable.ts": "e7bc75363a5156fcf3354a82a580011d2faf8d7058f397288c7b4401c93a3bc6",
    "https://jsr.io/@std/async/0.215.0/deadline.ts": "d35dd3a3416e9af5f253bd66153e315de5cfe4ec83b17cdd7626a927a40c2b1e",
    "https://jsr.io/@std/async/0.215.0/debounce.ts": "6633a08480a74e1fe7ee0302435106e525d9c7e95723a4621976019bb56e3080",
    "https://jsr.io/@std/async/0.215.0/delay.ts": "1492f2f9e2b03862e5f4b3aab78160c75b1e0023404d200d7151ae837d218723",
    "https://jsr.io/@std/async/0.215.0/mod.ts": "02ba6a7d065481b6318d0783ad7243426e4f1bc4cdee0d1b6460bf73e9eab3e3",
    "https://jsr.io/@std/async/0.215.0/mux_async_iterator.ts": "61fceacd290678cb05dc7af2a883bf1eec9d91e4162e51438989c2ce8ff7f437",
    "https://jsr.io/@std/async/0.215.0/pool.ts": "acae7f4782d518d855f40003ae7bd525a2a0c998a1c16a360d92fadf7ef97812",
    "https://jsr.io/@std/async/0.215.0/retry.ts": "d8f1ac89782ee1d76866070ede2614618443be66c11a562310e05b357deaffdd",
    "https://jsr.io/@std/async/0.215.0/tee.ts": "4c503cebf5516adf2e6a4a567e7c78a7d2d37ac68cb343741e6667cd6a33daf2",
    "https://jsr.io/@std/bytes/0.215.0/concat.ts": "8142a1734fd445582be0d209d0def43c2a3c27370a0fd4b327187dd34b98d6eb",
    "https://jsr.io/@std/bytes/0.215.0/copy.ts": "e3331dc8b9175f1016b9ef6c1890f1b80770762e017b6ca08b9b764954d26def",
    "https://jsr.io/@std/dotenv/0.215.0/load.ts": "587b342f0f6a3df071331fe6ba1c823729ab68f7d53805809475e486dd4161d7",
    "https://jsr.io/@std/dotenv/0.215.0/mod.ts": "3aec8ee077c4848a2d42a9e7a256023b8a46006f4f8b55f9e65b4520e49f8f71",
    "https://jsr.io/@std/dotenv/0.215.0/parse.ts": "c14770db2105b2289012f7ef1fc82b71796d36009133d8edca53871b10e10643",
    "https://jsr.io/@std/dotenv/0.215.0/stringify.ts": "9878ae31fe3ba9b11b5cbefda184a6670576113cbe82c42a311b3dd58f0b2244",
    "https://jsr.io/@std/fmt/0.215.0/colors.ts": "59b5de7c07cdc0322ed61b2d98da1ca4fbc9f576d45c2beee577a27556e52d63",
    "https://jsr.io/@std/fs/0.215.0/_create_walk_entry.ts": "f52910386c0455d3f1f929d5702bad6e64127cff62d008d8bc03fd42f6eb3441",
    "https://jsr.io/@std/fs/0.215.0/_get_file_info_type.ts": "da7bec18a7661dba360a1db475b826b18977582ce6fc9b25f3d4ee0403fe8cbd",
    "https://jsr.io/@std/fs/0.215.0/_is_same_path.ts": "5d24b17a8771cd762212f8e7e2963f256cfa68aa3ba13c56877a79ca8cba8fe2",
    "https://jsr.io/@std/fs/0.215.0/_is_subdir.ts": "55455de98a2770d2534f71cb8ea41a8add0010ed8571c0f6ee4a65555c018590",
    "https://jsr.io/@std/fs/0.215.0/_to_path_string.ts": "037a0c6dd97c22c5711aee18cf18a425a3969b48025be173653de0e529d92420",
    "https://jsr.io/@std/fs/0.215.0/copy.ts": "e3d169688ee06408d302d8a4375b953026ad54b8fbde0598c01fef6a379a8d31",
    "https://jsr.io/@std/fs/0.215.0/empty_dir.ts": "cb52a05b7dd1520f857b7e7e90fc25ebc4c7d0c67af1378906dfd5280744a800",
    "https://jsr.io/@std/fs/0.215.0/ensure_dir.ts": "a6c127285f5bdfe10e6ff5b55ff7f9b5c7f67c74d3dcfe66081c5780a5e1ee85",
    "https://jsr.io/@std/fs/0.215.0/ensure_file.ts": "1a255645522625a273bf948c3be5a98eff9439e125423b850687b7a11be0fe54",
    "https://jsr.io/@std/fs/0.215.0/ensure_link.ts": "c988b733b394c5e517d8a45741f61ebd67940e49c975e17ff1e0baa06f0be7ab",
    "https://jsr.io/@std/fs/0.215.0/ensure_symlink.ts": "e76b8fc458f0eddacdfb300cb8f9243a496e5c7bb6eea6dd6b0d3c4e3624b1b4",
    "https://jsr.io/@std/fs/0.215.0/eol.ts": "d560d5e3cc3a1acff483f1339d7de31ca6025808b2c499a8b246984b84282e0b",
    "https://jsr.io/@std/fs/0.215.0/exists.ts": "e636a0e535793d8677095e7a75308eda47cc4c784f83c4e2beaa90825a5b84de",
    "https://jsr.io/@std/fs/0.215.0/expand_glob.ts": "5ac35090a42e07da6e1d61ce89061c536438b7a03c2fb666b4cb2e7ee9541e08",
    "https://jsr.io/@std/fs/0.215.0/mod.ts": "107f5afa4424c2d3ce2f7e9266173198da30302c69af662c720115fe504dc5ee",
    "https://jsr.io/@std/fs/0.215.0/move.ts": "8301ee1883b3d5e0eda7c5b670e7fe5ca9ac98fe74258551ec513d222c1af85f",
    "https://jsr.io/@std/fs/0.215.0/walk.ts": "1eed1303c391cbf2e0e01c2c6d8cb4d3ce171f1ab157b3a1221fe1eee9f415f8",
    "https://jsr.io/@std/io/0.215.0/_common.ts": "36705cdb4dfcd338d6131bca1b16e48a4d5bf0d1dada6ce397268e88c17a5835",
    "https://jsr.io/@std/io/0.215.0/_constants.ts": "3c7ad4695832e6e4a32e35f218c70376b62bc78621ef069a4a0a3d55739f8856",
    "https://jsr.io/@std/io/0.215.0/buf_reader.ts": "f49aa80214612131562a452258b6d9fc13457c2d2cff33e84516c5b69eeb3457",
    "https://jsr.io/@std/io/0.215.0/buf_writer.ts": "31e51f87dd410ff7ebb86693eb8bf6e131e875c4cb1709045cd1fc33d005879e",
    "https://jsr.io/@std/io/0.215.0/buffer.ts": "edca84673d14efb2a3c1ef8e594a7c27372f4303beff36567159fb90fdce6aa1",
    "https://jsr.io/@std/io/0.215.0/copy.ts": "578c68959575333b6aaac52686e92ee97a9bcc655ad2d40830c76fa233d9bb8b",
    "https://jsr.io/@std/io/0.215.0/copy_n.ts": "17c14c79fef758c6ed149a65b19f59d060b8413acae6a9afecedc13764b0ad2c",
    "https://jsr.io/@std/io/0.215.0/limited_reader.ts": "a8d8ac4f0c4edaf9f2c347f215a46eb711d85cd436d5ee3727c6d17014650857",
    "https://jsr.io/@std/io/0.215.0/mod.ts": "571384032c5f60530542a28f2e8b0e73e47e87eca77056ba7e2363f4d4a4573a",
    "https://jsr.io/@std/io/0.215.0/multi_reader.ts": "554cd275113a50e7db894a09489d5958162c28596369170f32d43c9a86008c3a",
    "https://jsr.io/@std/io/0.215.0/read_all.ts": "de492461700c30b84fa5ecc3c95d2ef2efaf1420faf749d07408b540edbd1870",
    "https://jsr.io/@std/io/0.215.0/read_delim.ts": "a579a14aa1871c431f2dc7b31eaa0374251cf957296394c2d4e7aa24241ce7d1",
    "https://jsr.io/@std/io/0.215.0/read_int.ts": "0f052bc70706307be6bc06597e052135f274b1f187c9c58bd85cbf5b7a81724f",
    "https://jsr.io/@std/io/0.215.0/read_lines.ts": "a5831afdd119ab2b65629fcfdb931dffb9c10714ff9214cc3510dd547dbffadb",
    "https://jsr.io/@std/io/0.215.0/read_long.ts": "eddeea1cb3cffcff2687d94c72b958190fda6a54cf740af97e5c2583bbb46933",
    "https://jsr.io/@std/io/0.215.0/read_range.ts": "5abc5dc8f7756c0d4d5db5eab5f96bf5cbc1e6d3bb6ce782f54cf36a88576220",
    "https://jsr.io/@std/io/0.215.0/read_short.ts": "05f9761376befd7ff34ee0d32b9fab67c9085fe495995a651793150eb690dd6b",
    "https://jsr.io/@std/io/0.215.0/read_string_delim.ts": "2da6add0a59da74ff7065e243b2efe6bae3b4efddc42cad8bf31d23c81955d1f",
    "https://jsr.io/@std/io/0.215.0/slice_long_to_bytes.ts": "9708b9c1bab66385015f699cbc43effb6c281797b44f91a062c865bce38245d8",
    "https://jsr.io/@std/io/0.215.0/string_reader.ts": "ab6bcce763344f03b445f9ba8e5693ddfb436ce2a55c9066bb77f9c20a4202c1",
    "https://jsr.io/@std/io/0.215.0/string_writer.ts": "00232688f8ceef1bb3c5cec1fb032499860ebc2253b3a00eac972c4cce1b4e6f",
    "https://jsr.io/@std/io/0.215.0/to_readable_stream.ts": "693cd7ffd0b03f9dc80da9ecc5e0c2ced87a638f48b55504b20e276ab95db8ac",
    "https://jsr.io/@std/io/0.215.0/to_writable_stream.ts": "f3564c59f54dbe3b9a6e53df93a640a5bf835b9f16d14bdb6ab489efd304de7b",
    "https://jsr.io/@std/io/0.215.0/types.ts": "78b187e0c9d5932de9a9f1e6bba12b43a8463d7486c13e471c516ad82012f330",
    "https://jsr.io/@std/io/0.215.0/write_all.ts": "18303de726d1276da2a2eda9bcacce4408d356e0eb83ba3c2f545dc3d1e8a518",
    "https://jsr.io/@std/log/0.215.0/_config.ts": "0b872c28977eacb641515cfa0e86b1864083dfd0d95df1346b5ce2d2a83cd4f3",
    "https://jsr.io/@std/log/0.215.0/_state.ts": "02b0fe12e72c4da014b6030222066d48a77ec42d908133c6dfddabf33e6fc5e8",
    "https://jsr.io/@std/log/0.215.0/base_handler.ts": "c9479234e87afaa1fbb7a52a18c3eba878e50a5a238bdd1ed8fc88ae951cb4d9",
    "https://jsr.io/@std/log/0.215.0/console_handler.ts": "e4858fc7fd43886e15c4f77a9946147e9542a24f09d6ea1ce8c1df146987b259",
    "https://jsr.io/@std/log/0.215.0/critical.ts": "8b046c84df44f088666bbccd67f81d82d753ccfd856b4ab79d1ee5bed58488cd",
    "https://jsr.io/@std/log/0.215.0/debug.ts": "00e886bb529076aae090f2824ae6f16659875c211587ac77db60dfd725dd03e5",
    "https://jsr.io/@std/log/0.215.0/error.ts": "f455de928edb9c4120483d06e1e51c208dea703461d7bac3168f1ddea169907e",
    "https://jsr.io/@std/log/0.215.0/file_handler.ts": "7b58c7017117ae290700b0e23f21573c1dc8ba8b5d4978d8aa0b8e05742d75e2",
    "https://jsr.io/@std/log/0.215.0/formatters.ts": "6058f77368548bc7f12edf1277bc780f3a055dfd4854fd9356acadd5193d21db",
    "https://jsr.io/@std/log/0.215.0/get_logger.ts": "054de4d242e9e03135081f5eb59c967288d70ec95b373bf5a9d003e9996a3081",
    "https://jsr.io/@std/log/0.215.0/info.ts": "f158bd21bd23876834c75eb9fc347583d850ff46b6461e08e926fe3fbb6c6e8e",
    "https://jsr.io/@std/log/0.215.0/levels.ts": "632ba12baa2600750d004cc5cb4eabe10e410f3f2bdfcb9f7142b6d767f2fee6",
    "https://jsr.io/@std/log/0.215.0/logger.ts": "a7a21f53c59f0d16227373d04ea302277a8d5be278105d71afe85b3d7b12067f",
    "https://jsr.io/@std/log/0.215.0/mod.ts": "3549283c6b4d3d722d14ae84ee768d52e207b867de63c652477553d982f6a12d",
    "https://jsr.io/@std/log/0.215.0/rotating_file_handler.ts": "2c7a3dccef5415009302ab7ea796c4991b12889890d0bc5997295ee14369f76c",
    "https://jsr.io/@std/log/0.215.0/setup.ts": "d52ad7264d0f007365ef58f0d79f6915bbd670faf9a6a29f567abd7f96b7d10e",
    "https://jsr.io/@std/log/0.215.0/warn.ts": "9fa997d9a5b0b78f84c797f436f16458e1fc5468b424cd796907c476116bd658",
    "https://jsr.io/@std/path/0.215.0/_common/assert_path.ts": "2ca275f36ac1788b2acb60fb2b79cb06027198bc2ba6fb7e163efaedde98c297",
    "https://jsr.io/@std/path/0.215.0/_common/basename.ts": "569744855bc8445f3a56087fd2aed56bdad39da971a8d92b138c9913aecc5fa2",
    "https://jsr.io/@std/path/0.215.0/_common/common.ts": "6157c7ec1f4db2b4a9a187efd6ce76dcaf1e61cfd49f87e40d4ea102818df031",
    "https://jsr.io/@std/path/0.215.0/_common/constants.ts": "dc5f8057159f4b48cd304eb3027e42f1148cf4df1fb4240774d3492b5d12ac0c",
    "https://jsr.io/@std/path/0.215.0/_common/dirname.ts": "684df4aa71a04bbcc346c692c8485594fc8a90b9408dfbc26ff32cf3e0c98cc8",
    "https://jsr.io/@std/path/0.215.0/_common/format.ts": "ef04423fd59d06dc027a4ccbe9eaa7b59c32f9d76e434d9debec43b7283e228e",
    "https://jsr.io/@std/path/0.215.0/_common/from_file_url.ts": "d672bdeebc11bf80e99bf266f886c70963107bdd31134c4e249eef51133ceccf",
    "https://jsr.io/@std/path/0.215.0/_common/glob_to_reg_exp.ts": "2007aa87bed6eb2c8ae8381adcc3125027543d9ec347713c1ad2c68427330770",
    "https://jsr.io/@std/path/0.215.0/_common/normalize.ts": "684df4aa71a04bbcc346c692c8485594fc8a90b9408dfbc26ff32cf3e0c98cc8",
    "https://jsr.io/@std/path/0.215.0/_common/normalize_string.ts": "dfdf657a1b1a7db7999f7c575ee7e6b0551d9c20f19486c6c3f5ff428384c965",
    "https://jsr.io/@std/path/0.215.0/_common/relative.ts": "faa2753d9b32320ed4ada0733261e3357c186e5705678d9dd08b97527deae607",
    "https://jsr.io/@std/path/0.215.0/_common/strip_trailing_separators.ts": "7024a93447efcdcfeaa9339a98fa63ef9d53de363f1fbe9858970f1bba02655a",
    "https://jsr.io/@std/path/0.215.0/_common/to_file_url.ts": "7f76adbc83ece1bba173e6e98a27c647712cab773d3f8cbe0398b74afc817883",
    "https://jsr.io/@std/path/0.215.0/_interface.ts": "a1419fcf45c0ceb8acdccc94394e3e94f99e18cfd32d509aab514c8841799600",
    "https://jsr.io/@std/path/0.215.0/_os.ts": "8fb9b90fb6b753bd8c77cfd8a33c2ff6c5f5bc185f50de8ca4ac6a05710b2c15",
    "https://jsr.io/@std/path/0.215.0/basename.ts": "5d341aadb7ada266e2280561692c165771d071c98746fcb66da928870cd47668",
    "https://jsr.io/@std/path/0.215.0/common.ts": "4c80da2ee5563eb31f87cf7d21879db90d614a3fae83358670625e4b90342745",
    "https://jsr.io/@std/path/0.215.0/constants.ts": "0c206169ca104938ede9da48ac952de288f23343304a1c3cb6ec7625e7325f36",
    "https://jsr.io/@std/path/0.215.0/dirname.ts": "85bd955bf31d62c9aafdd7ff561c4b5fb587d11a9a5a45e2b01aedffa4238a7c",
    "https://jsr.io/@std/path/0.215.0/extname.ts": "593303db8ae8c865cbd9ceec6e55d4b9ac5410c1e276bfd3131916591b954441",
    "https://jsr.io/@std/path/0.215.0/format.ts": "98fad25f1af7b96a48efb5b67378fcc8ed77be895df8b9c733b86411632162af",
    "https://jsr.io/@std/path/0.215.0/from_file_url.ts": "7c87244ca07e4065cb024016b03d012facb856cc7aed089d9b6f1e4ea6152316",
    "https://jsr.io/@std/path/0.215.0/glob_to_regexp.ts": "5e51f78a0248c75464bf1d49173de3ec2c032880a530578e56b3fed2a57e69d3",
    "https://jsr.io/@std/path/0.215.0/is_absolute.ts": "4791afc8bfd0c87f0526eaa616b0d16e7b3ab6a65b62942e50eac68de4ef67d7",
    "https://jsr.io/@std/path/0.215.0/is_glob.ts": "a65f6195d3058c3050ab905705891b412ff942a292bcbaa1a807a74439a14141",
    "https://jsr.io/@std/path/0.215.0/join.ts": "ae2ec5ca44c7e84a235fd532e4a0116bfb1f2368b394db1c4fb75e3c0f26a33a",
    "https://jsr.io/@std/path/0.215.0/join_globs.ts": "5b3bf248b93247194f94fa6947b612ab9d3abd571ca8386cf7789038545e54a0",
    "https://jsr.io/@std/path/0.215.0/mod.ts": "66d574090f2453c12a07e18115a16bfecc6cfed39e7d557869087af64f0e8e94",
    "https://jsr.io/@std/path/0.215.0/normalize.ts": "4155743ccceeed319b350c1e62e931600272fad8ad00c417b91df093867a8352",
    "https://jsr.io/@std/path/0.215.0/normalize_glob.ts": "cc89a77a7d3b1d01053b9dcd59462b75482b11e9068ae6c754b5cf5d794b374f",
    "https://jsr.io/@std/path/0.215.0/parse.ts": "65e8e285f1a63b714e19ef24b68f56e76934c3df0b6e65fd440d3991f4f8aefb",
    "https://jsr.io/@std/path/0.215.0/posix/_util.ts": "b24abdfa97820d3a9dc696bf7947c35ac2cf5d836c16ae20592a8dc0757321a3",
    "https://jsr.io/@std/path/0.215.0/posix/basename.ts": "265d3360c49c1af372a10891518b785fc2ae138f019892c89642e1f1c523b2dc",
    "https://jsr.io/@std/path/0.215.0/posix/common.ts": "4c896e6e9357f33c3ffe027cb13cb2ccf5dbe3575604b43c195befffb0f40b2b",
    "https://jsr.io/@std/path/0.215.0/posix/constants.ts": "93481efb98cdffa4c719c22a0182b994e5a6aed3047e1962f6c2c75b7592bef1",
    "https://jsr.io/@std/path/0.215.0/posix/dirname.ts": "ecdaeec17d5fdd00da89bb05962e209c7aa41ad4967279bc8662c0bb3a243b2f",
    "https://jsr.io/@std/path/0.215.0/posix/extname.ts": "b1400d9d0ac2160accda327790c93daa4ee8325b87f4c4d9b21887e7c8fd73db",
    "https://jsr.io/@std/path/0.215.0/posix/format.ts": "47318e54ac8cd2e9c35ef2a143d02c198ce093e31f9789b6ecb95cbc60fec71b",
    "https://jsr.io/@std/path/0.215.0/posix/from_file_url.ts": "dc4a092de0d117d94bfd54390b4bc360ea1c68d4a1e42d2ea94d6fe75b483c37",
    "https://jsr.io/@std/path/0.215.0/posix/glob_to_regexp.ts": "4db789540039ea4c75f1ba8182c43fc2965a019df3c26a825945642452e8bf75",
    "https://jsr.io/@std/path/0.215.0/posix/is_absolute.ts": "e7147b25e786abb51dd888eca89d2fd3770c41e6bd556d19db26cca348fb78a4",
    "https://jsr.io/@std/path/0.215.0/posix/is_glob.ts": "135ac8b1e647f673ea650fb713e2d9c42d0108c29cae3a2b77399fec0dae8864",
    "https://jsr.io/@std/path/0.215.0/posix/join.ts": "1bbf0d9303160d4b9be76161d0ef73d67198cf7bf66e84d88eb560abc492070f",
    "https://jsr.io/@std/path/0.215.0/posix/join_globs.ts": "52589b26215d134a6d95b592ae1c1cf35ab670e62c97053c632003c23c5aa0e9",
    "https://jsr.io/@std/path/0.215.0/posix/mod.ts": "43111128c93add2f61503dafd41c97e9b3e5ada9f15fc5f26f5c779f1615de4b",
    "https://jsr.io/@std/path/0.215.0/posix/normalize.ts": "9b9f666159c0e5ee3df292cf56555547b1be4cd3ca54da6a263a3074b8e44964",
    "https://jsr.io/@std/path/0.215.0/posix/normalize_glob.ts": "5b6fa8264f0f3663ee4b30034f783973d7a530bdd0ad8ee37a566f2b2a65ee71",
    "https://jsr.io/@std/path/0.215.0/posix/parse.ts": "96aad4733eb1091db6b3de423f23c25a2ac3e3a5b29b35c3ee808b123eef73e5",
    "https://jsr.io/@std/path/0.215.0/posix/relative.ts": "f0617bf5614ac45462d71d8d03a5bbe3db9f5aaadc9e470a560013d0416d4cc0",
    "https://jsr.io/@std/path/0.215.0/posix/resolve.ts": "00f39f36478ad11b64604ad9b508b137a930aae2423e757ba53ec5f11a919ee1",
    "https://jsr.io/@std/path/0.215.0/posix/to_file_url.ts": "e1c2f7b256100610ae85a443f89404f4b5d730d882c388a76b8e4fa1ecfc5ac7",
    "https://jsr.io/@std/path/0.215.0/posix/to_namespaced_path.ts": "28b216b3c76f892a4dca9734ff1cc0045d135532bfd9c435ae4858bfa5a2ebf0",
    "https://jsr.io/@std/path/0.215.0/relative.ts": "ab739d727180ed8727e34ed71d976912461d98e2b76de3d3de834c1066667add",
    "https://jsr.io/@std/path/0.215.0/resolve.ts": "a6f977bdb4272e79d8d0ed4333e3d71367cc3926acf15ac271f1d059c8494d8d",
    "https://jsr.io/@std/path/0.215.0/to_file_url.ts": "ce1a439e03377882e58f06ef43ef2259d483bab235d1eb727f1637b0a6bd7070",
    "https://jsr.io/@std/path/0.215.0/to_namespaced_path.ts": "b706a4103b104cfadc09600a5f838c2ba94dbcdb642344557122dda444526e40",
    "https://jsr.io/@std/path/0.215.0/windows/_util.ts": "8f491fe68728772ce98d3bdf54dcd89c823d5ecd2bec6153c343a95843f625ca",
    "https://jsr.io/@std/path/0.215.0/windows/basename.ts": "20179a24e3b4a8d5d957f0b6c5515d1d05c47c7e5824d595844f3ff5558e6e5b",
    "https://jsr.io/@std/path/0.215.0/windows/common.ts": "4c896e6e9357f33c3ffe027cb13cb2ccf5dbe3575604b43c195befffb0f40b2b",
    "https://jsr.io/@std/path/0.215.0/windows/constants.ts": "5afaac0a1f67b68b0a380a4ef391bf59feb55856aa8c60dfc01bd3b6abb813f5",
    "https://jsr.io/@std/path/0.215.0/windows/dirname.ts": "f5aee3cff1830aa804bee6b947c51a667dfc713b339923d884e590cffdf5d8e0",
    "https://jsr.io/@std/path/0.215.0/windows/extname.ts": "297ff46e51d75b97d4096cf5664471dca65b529f557c2e6e08aec3f2441767bf",
    "https://jsr.io/@std/path/0.215.0/windows/format.ts": "8986f9e9b1cd48b404aa7c3873bfb976a9af08eeb40a58f1001a8d887d0dfe14",
    "https://jsr.io/@std/path/0.215.0/windows/from_file_url.ts": "d67e4c8e7453597bf8071da6a995d6c9ad41f3c30192dc6494a25beb14647ff7",
    "https://jsr.io/@std/path/0.215.0/windows/glob_to_regexp.ts": "5a9251ea357ec619f8b370a87e3ec010f36ceb9a0112973b6a1122684b72ccdb",
    "https://jsr.io/@std/path/0.215.0/windows/is_absolute.ts": "d3534d9fd5680d4c6895bbb59193335e5753cdef875f095297be66eb96f2f530",
    "https://jsr.io/@std/path/0.215.0/windows/is_glob.ts": "135ac8b1e647f673ea650fb713e2d9c42d0108c29cae3a2b77399fec0dae8864",
    "https://jsr.io/@std/path/0.215.0/windows/join.ts": "3073737b883df7dd391f9743572284ec796cc518e420374da043a0eb714746da",
    "https://jsr.io/@std/path/0.215.0/windows/join_globs.ts": "52589b26215d134a6d95b592ae1c1cf35ab670e62c97053c632003c23c5aa0e9",
    "https://jsr.io/@std/path/0.215.0/windows/mod.ts": "74a29bae3451312d93ea22694b1ca4a05a7afe2b6dbab67c09cb59eb9744a776",
    "https://jsr.io/@std/path/0.215.0/windows/normalize.ts": "f5d8b971161eff7b4f8e45c7520cbb0c6553ccff7c4b3ced2dfe0d6ad46a2328",
    "https://jsr.io/@std/path/0.215.0/windows/normalize_glob.ts": "5bce9621a3562265bd3279f9b3b388611e19cf9f2c3521b0d8dbf18267e3b050",
    "https://jsr.io/@std/path/0.215.0/windows/parse.ts": "c63488c9d581576f955eaa8c4ab09c165b8d922ec3911b302c31331c8303973f",
    "https://jsr.io/@std/path/0.215.0/windows/relative.ts": "366eb25bd3469433e47dd4cac52d03048d5e27e8a89e059217065d3afa4e7e71",
    "https://jsr.io/@std/path/0.215.0/windows/resolve.ts": "671e70d150bd933832ffcf02e97572fdfbb8ed199082bdabdf4e92d3e898636e",
    "https://jsr.io/@std/path/0.215.0/windows/separator.ts": "e51c5522140eff4f8402617c5c68a201fdfa3a1a8b28dc23587cff931b665e43",
    "https://jsr.io/@std/path/0.215.0/windows/to_file_url.ts": "cdead9ba8f1e4062c3c45a7c9fa6384e209b734526b4c6ab36ce2f17339367f5",
    "https://jsr.io/@std/path/0.215.0/windows/to_namespaced_path.ts": "96dd0d55d484905e06553fd7d5feb6b3e4c0c99c337fda4199b6c32bce44833a"
  }
}
