{
  "version": "4",
  "specifiers": {
    "jsr:@cliffy/command@1.0.0-rc.7": "1.0.0-rc.7",
    "jsr:@cliffy/flags@1.0.0-rc.7": "1.0.0-rc.7",
    "jsr:@cliffy/internal@1.0.0-rc.7": "1.0.0-rc.7",
    "jsr:@cliffy/table@1.0.0-rc.7": "1.0.0-rc.7",
    "jsr:@std/assert@0.215": "0.215.0",
    "jsr:@std/assert@0.224": "0.224.0",
    "jsr:@std/assert@0.225.3": "0.225.3",
    "jsr:@std/assert@~0.225.2": "0.225.3",
    "jsr:@std/async@0.224.0": "0.224.0",
    "jsr:@std/async@1.0.6": "1.0.6",
    "jsr:@std/cli@0.224.0": "0.224.0",
    "jsr:@std/dotenv@0.225.2": "0.225.2",
    "jsr:@std/fmt@0.224": "0.224.0",
    "jsr:@std/fmt@0.225.2": "0.225.2",
    "jsr:@std/fmt@~1.0.2": "1.0.2",
    "jsr:@std/fs@0.215.0": "0.215.0",
    "jsr:@std/fs@0.224": "0.224.0",
    "jsr:@std/fs@1.0.4": "1.0.4",
    "jsr:@std/ini@0.225.2": "0.225.2",
    "jsr:@std/internal@1": "1.0.4",
    "jsr:@std/io@0.224": "0.224.9",
    "jsr:@std/log@0.224.0": "0.224.0",
    "jsr:@std/path@0.215": "0.215.0",
    "jsr:@std/path@0.225.1": "0.225.1",
    "jsr:@std/path@1.0.6": "1.0.6",
    "jsr:@std/path@^1.0.6": "1.0.6",
    "jsr:@std/semver@1.0.3": "1.0.3",
    "jsr:@std/text@~1.0.7": "1.0.7",
    "jsr:@sylc/step-spinner@0.0.3": "0.0.3"
  },
  "jsr": {
    "@cliffy/command@1.0.0-rc.7": {
      "integrity": "1288808d7a3cd18b86c24c2f920e47a6d954b7e23cadc35c8cbd78f8be41f0cd",
      "dependencies": [
        "jsr:@cliffy/flags",
        "jsr:@cliffy/internal",
        "jsr:@cliffy/table",
        "jsr:@std/fmt@~1.0.2",
        "jsr:@std/text"
      ]
    },
    "@cliffy/flags@1.0.0-rc.7": {
      "integrity": "318d9be98f6a6417b108e03dec427dea96cdd41a15beb21d2554ae6da450a781",
      "dependencies": [
        "jsr:@std/text"
      ]
    },
    "@cliffy/internal@1.0.0-rc.7": {
      "integrity": "10412636ab3e67517d448be9eaab1b70c88eba9be22617b5d146257a11cc9b17"
    },
    "@cliffy/table@1.0.0-rc.7": {
      "integrity": "9fdd9776eda28a0b397981c400eeb1aa36da2371b43eefe12e6ff555290e3180",
      "dependencies": [
        "jsr:@std/fmt@~1.0.2"
      ]
    },
    "@std/assert@0.215.0": {
      "integrity": "4d80a5b5f1aef916131e3b5dcf8cfdad397affe87da7fa6398d8088e146d1e48"
    },
    "@std/assert@0.224.0": {
      "integrity": "8643233ec7aec38a940a8264a6e3eed9bfa44e7a71cc6b3c8874213ff401967f"
    },
    "@std/assert@0.225.3": {
      "integrity": "b3c2847aecf6955b50644cdb9cf072004ea3d1998dd7579fc0acb99dbb23bd4f",
      "dependencies": [
        "jsr:@std/internal"
      ]
    },
    "@std/async@0.224.0": {
      "integrity": "b6da423eeafbd0003fe88d950e069368c6a156f8b5293b7adbd9c8903a8f8d66"
    },
    "@std/async@1.0.6": {
      "integrity": "6d262156dd35c4a72ee1a2f8679be40264f370cfb92e2e13d4eca2ae05e16f34"
    },
    "@std/cli@0.224.0": {
      "integrity": "2612373d68984637bdad8b9c9dd160e9838ac2a6d463354d537d2897a7cc6d1c"
    },
    "@std/dotenv@0.225.2": {
      "integrity": "e2025dce4de6c7bca21dece8baddd4262b09d5187217e231b033e088e0c4dd23"
    },
    "@std/fmt@0.224.0": {
      "integrity": "e20e9a2312a8b5393272c26191c0a68eda8d2c4b08b046bad1673148f1d69851"
    },
    "@std/fmt@0.225.2": {
      "integrity": "8a2d157586372f9d5e74cdf0f463a828dee5d09d7de10e56394d8f20dbb5bf26"
    },
    "@std/fmt@1.0.2": {
      "integrity": "87e9dfcdd3ca7c066e0c3c657c1f987c82888eb8103a3a3baa62684ffeb0f7a7"
    },
    "@std/fs@0.215.0": {
      "integrity": "a419abdb2fb2076ab819e48fd6db91d6039b47d4364faf7c85266ef8b0fc00f3",
      "dependencies": [
        "jsr:@std/assert@0.215",
        "jsr:@std/path@0.215"
      ]
    },
    "@std/fs@0.224.0": {
      "integrity": "52a5ec89731ac0ca8f971079339286f88c571a4d61686acf75833f03a89d8e69"
    },
    "@std/fs@1.0.4": {
      "integrity": "2907d32d8d1d9e540588fd5fe0ec21ee638134bd51df327ad4e443aaef07123c",
      "dependencies": [
        "jsr:@std/path@^1.0.6"
      ]
    },
    "@std/ini@0.225.2": {
      "integrity": "c70f6560dacb7e333c2f868aa09aaa4117e6618cc66c60d0b4ca716c135c8e67"
    },
    "@std/internal@1.0.4": {
      "integrity": "62e8e4911527e5e4f307741a795c0b0a9e6958d0b3790716ae71ce085f755422"
    },
    "@std/io@0.224.9": {
      "integrity": "4414664b6926f665102e73c969cfda06d2c4c59bd5d0c603fd4f1b1c840d6ee3"
    },
    "@std/log@0.224.0": {
      "integrity": "24c8a38f3f322e3d33c3137d5562acad25830c01bd5838ade6c5a62118882deb",
      "dependencies": [
        "jsr:@std/assert@0.224",
        "jsr:@std/fmt@0.224",
        "jsr:@std/fs@0.224",
        "jsr:@std/io"
      ]
    },
    "@std/path@0.215.0": {
      "integrity": "b790874b1abfed43a6e559d436fe87786c1c26b4338c2afe9c76c81ae7b532bc",
      "dependencies": [
        "jsr:@std/assert@0.215"
      ]
    },
    "@std/path@0.225.1": {
      "integrity": "8c3220635a73730eb51fe43de9e10b79e2724a5bb8638b9355d35ae012fd9429",
      "dependencies": [
        "jsr:@std/assert@~0.225.2"
      ]
    },
    "@std/path@1.0.6": {
      "integrity": "ab2c55f902b380cf28e0eec501b4906e4c1960d13f00e11cfbcd21de15f18fed"
    },
    "@std/semver@1.0.3": {
      "integrity": "7c139c6076a080eeaa4252c78b95ca5302818d7eafab0470d34cafd9930c13c8"
    },
    "@std/text@1.0.7": {
      "integrity": "344a820af99fde81ae1d4f9ce586da3f47a58cda25ac4c4dd688166cf5ed97f1"
    },
    "@sylc/step-spinner@0.0.3": {
      "integrity": "4269b9ad4088907bbae0e1d7424b8571dfddc4197d5cf2adef4e09e6a526af63",
      "dependencies": [
        "jsr:@std/async@0.224.0",
        "jsr:@std/cli",
        "jsr:@std/fmt@0.224"
      ]
    }
  }
}
